{
  "name": "@webis-de/gen-ir-sim",
  "version": "0.4.0",
  "lockfileVersion": 3,
  "requires": true,
  "packages": {
    "": {
      "name": "@webis-de/gen-ir-sim",
      "version": "0.4.0",
      "license": "MIT",
      "dependencies": {
        "jsonrepair": "^3.8.0",
        "ws": "^8.17.1"
      },
      "bin": {
        "genirsim": "bin/genirsim.js",
        "genirsim-server": "bin/genirsim-server.js"
      }
    },
    "node_modules/jsonrepair": {
      "version": "3.8.0",
      "resolved": "https://registry.npmjs.org/jsonrepair/-/jsonrepair-3.8.0.tgz",
      "integrity": "sha512-89lrxpwp+IEcJ6kwglF0HH3Tl17J08JEpYfXnvvjdp4zV4rjSoGu2NdQHxBs7yTOk3ETjTn9du48pBy8iBqj1w==",
      "bin": {
        "jsonrepair": "bin/cli.js"
      }
    },
    "node_modules/ws": {
      "version": "8.17.1",
      "resolved": "https://registry.npmjs.org/ws/-/ws-8.17.1.tgz",
      "integrity": "sha512-6XQFvXTkbfUOZOKKILFG1PDK2NDQs4azKQl26T0YS5CxqWLgXajbPZ+h4gZekJyRqFU8pvnbAbbs/3TgRPy+GQ==",
      "engines": {
        "node": ">=10.0.0"
      },
      "peerDependencies": {
        "bufferutil": "^4.0.1",
        "utf-8-validate": ">=5.0.2"
      },
      "peerDependenciesMeta": {
        "bufferutil": {
          "optional": true
        },
        "utf-8-validate": {
          "optional": true
        }
      }
    }
  }
}
